
Microsoft Visual Studio Solution File, Format Version 12.00
# Visual Studio Version 16
VisualStudioVersion = 25.0.1706.0
MinimumVisualStudioVersion = 10.0.40219.1
Project("{FAE04EC0-301F-11D3-BF4B-00C04F79EFBC}") = "programming-languages-linq-exercises", "programming-languages-linq-exercises.csproj", "{7F689316-CC4D-4C48-A4D1-56731E2F091C}"
EndProject
Global
	GlobalSection(SolutionConfigurationPlatforms) = preSolution
		Debug|Any CPU = Debug|Any CPU
		Release|Any CPU = Release|Any CPU
	EndGlobalSection
	GlobalSection(ProjectConfigurationPlatforms) = postSolution
		{7F689316-CC4D-4C48-A4D1-56731E2F091C}.Debug|Any CPU.ActiveCfg = Debug|Any CPU
		{7F689316-CC4D-4C48-A4D1-56731E2F091C}.Debug|Any CPU.Build.0 = Debug|Any CPU
		{7F689316-CC4D-4C48-A4D1-56731E2F091C}.Release|Any CPU.ActiveCfg = Release|Any CPU
		{7F689316-CC4D-4C48-A4D1-56731E2F091C}.Release|Any CPU.Build.0 = Release|Any CPU
	EndGlobalSection
	GlobalSection(SolutionProperties) = preSolution
		HideSolutionNode = FALSE
	EndGlobalSection
	GlobalSection(ExtensibilityGlobals) = postSolution
		SolutionGuid = {7DAB3708-D644-475B-9F53-EA432986177E}
	EndGlobalSection
EndGlobal
